
Microsoft Visual Studio Solution File, Format Version 12.00
# Visual Studio Version 17
VisualStudioVersion = 17.0.31903.59
MinimumVisualStudioVersion = 10.0.40219.1
Project("{2150E333-8FDC-42A3-9474-1A3956D46DE8}") = "src", "src", "{827E0CD3-B72D-47B6-A68D-7590B98EB39B}"
EndProject
Project("{FAE04EC0-301F-11D3-BF4B-00C04F79EFBC}") = "OpenCode.Extensions.Data", "src\OpenCode.Extensions.Data\OpenCode.Extensions.Data.csproj", "{3A5AC1A3-B719-4FD0-87D6-95C22CD5FEFE}"
EndProject
Project("{FAE04EC0-301F-11D3-BF4B-00C04F79EFBC}") = "OpenCode.Extensions.Data.EntityFrameworkCore", "src\OpenCode.Extensions.Data.EntityFrameworkCore\OpenCode.Extensions.Data.EntityFrameworkCore.csproj", "{E9DC5A6C-4897-4E99-897C-4F4A261A1B55}"
EndProject
Project("{2150E333-8FDC-42A3-9474-1A3956D46DE8}") = "tests", "tests", "{0AB3BF05-4346-4AA6-1389-037BE0695223}"
EndProject
Project("{FAE04EC0-301F-11D3-BF4B-00C04F79EFBC}") = "OpenCode.Extensions.Data.Tests", "tests\OpenCode.Extensions.Data.Tests\OpenCode.Extensions.Data.Tests.csproj", "{420CC84C-AC95-42E3-B9AF-9072ACF7A56C}"
EndProject
Project("{FAE04EC0-301F-11D3-BF4B-00C04F79EFBC}") = "OpenCode.Extensions.Data.EntityFrameworkCore.Tests", "tests\OpenCode.Extensions.Data.EntityFrameworkCore.Tests\OpenCode.Extensions.Data.EntityFrameworkCore.Tests.csproj", "{F323F504-AB6F-47C4-A854-42CABC370C3D}"
EndProject
Global
	GlobalSection(SolutionConfigurationPlatforms) = preSolution
		Debug|Any CPU = Debug|Any CPU
		Debug|x64 = Debug|x64
		Debug|x86 = Debug|x86
		Release|Any CPU = Release|Any CPU
		Release|x64 = Release|x64
		Release|x86 = Release|x86
	EndGlobalSection
	GlobalSection(ProjectConfigurationPlatforms) = postSolution
		{3A5AC1A3-B719-4FD0-87D6-95C22CD5FEFE}.Debug|Any CPU.ActiveCfg = Debug|Any CPU
		{3A5AC1A3-B719-4FD0-87D6-95C22CD5FEFE}.Debug|Any CPU.Build.0 = Debug|Any CPU
		{3A5AC1A3-B719-4FD0-87D6-95C22CD5FEFE}.Debug|x64.ActiveCfg = Debug|Any CPU
		{3A5AC1A3-B719-4FD0-87D6-95C22CD5FEFE}.Debug|x64.Build.0 = Debug|Any CPU
		{3A5AC1A3-B719-4FD0-87D6-95C22CD5FEFE}.Debug|x86.ActiveCfg = Debug|Any CPU
		{3A5AC1A3-B719-4FD0-87D6-95C22CD5FEFE}.Debug|x86.Build.0 = Debug|Any CPU
		{3A5AC1A3-B719-4FD0-87D6-95C22CD5FEFE}.Release|Any CPU.ActiveCfg = Release|Any CPU
		{3A5AC1A3-B719-4FD0-87D6-95C22CD5FEFE}.Release|Any CPU.Build.0 = Release|Any CPU
		{3A5AC1A3-B719-4FD0-87D6-95C22CD5FEFE}.Release|x64.ActiveCfg = Release|Any CPU
		{3A5AC1A3-B719-4FD0-87D6-95C22CD5FEFE}.Release|x64.Build.0 = Release|Any CPU
		{3A5AC1A3-B719-4FD0-87D6-95C22CD5FEFE}.Release|x86.ActiveCfg = Release|Any CPU
		{3A5AC1A3-B719-4FD0-87D6-95C22CD5FEFE}.Release|x86.Build.0 = Release|Any CPU
		{E9DC5A6C-4897-4E99-897C-4F4A261A1B55}.Debug|Any CPU.ActiveCfg = Debug|Any CPU
		{E9DC5A6C-4897-4E99-897C-4F4A261A1B55}.Debug|Any CPU.Build.0 = Debug|Any CPU
		{E9DC5A6C-4897-4E99-897C-4F4A261A1B55}.Debug|x64.ActiveCfg = Debug|Any CPU
		{E9DC5A6C-4897-4E99-897C-4F4A261A1B55}.Debug|x64.Build.0 = Debug|Any CPU
		{E9DC5A6C-4897-4E99-897C-4F4A261A1B55}.Debug|x86.ActiveCfg = Debug|Any CPU
		{E9DC5A6C-4897-4E99-897C-4F4A261A1B55}.Debug|x86.Build.0 = Debug|Any CPU
		{E9DC5A6C-4897-4E99-897C-4F4A261A1B55}.Release|Any CPU.ActiveCfg = Release|Any CPU
		{E9DC5A6C-4897-4E99-897C-4F4A261A1B55}.Release|Any CPU.Build.0 = Release|Any CPU
		{E9DC5A6C-4897-4E99-897C-4F4A261A1B55}.Release|x64.ActiveCfg = Release|Any CPU
		{E9DC5A6C-4897-4E99-897C-4F4A261A1B55}.Release|x64.Build.0 = Release|Any CPU
		{E9DC5A6C-4897-4E99-897C-4F4A261A1B55}.Release|x86.ActiveCfg = Release|Any CPU
		{E9DC5A6C-4897-4E99-897C-4F4A261A1B55}.Release|x86.Build.0 = Release|Any CPU
		{420CC84C-AC95-42E3-B9AF-9072ACF7A56C}.Debug|Any CPU.ActiveCfg = Debug|Any CPU
		{420CC84C-AC95-42E3-B9AF-9072ACF7A56C}.Debug|Any CPU.Build.0 = Debug|Any CPU
		{420CC84C-AC95-42E3-B9AF-9072ACF7A56C}.Debug|x64.ActiveCfg = Debug|Any CPU
		{420CC84C-AC95-42E3-B9AF-9072ACF7A56C}.Debug|x64.Build.0 = Debug|Any CPU
		{420CC84C-AC95-42E3-B9AF-9072ACF7A56C}.Debug|x86.ActiveCfg = Debug|Any CPU
		{420CC84C-AC95-42E3-B9AF-9072ACF7A56C}.Debug|x86.Build.0 = Debug|Any CPU
		{420CC84C-AC95-42E3-B9AF-9072ACF7A56C}.Release|Any CPU.ActiveCfg = Release|Any CPU
		{420CC84C-AC95-42E3-B9AF-9072ACF7A56C}.Release|Any CPU.Build.0 = Release|Any CPU
		{420CC84C-AC95-42E3-B9AF-9072ACF7A56C}.Release|x64.ActiveCfg = Release|Any CPU
		{420CC84C-AC95-42E3-B9AF-9072ACF7A56C}.Release|x64.Build.0 = Release|Any CPU
		{420CC84C-AC95-42E3-B9AF-9072ACF7A56C}.Release|x86.ActiveCfg = Release|Any CPU
		{420CC84C-AC95-42E3-B9AF-9072ACF7A56C}.Release|x86.Build.0 = Release|Any CPU
		{F323F504-AB6F-47C4-A854-42CABC370C3D}.Debug|Any CPU.ActiveCfg = Debug|Any CPU
		{F323F504-AB6F-47C4-A854-42CABC370C3D}.Debug|Any CPU.Build.0 = Debug|Any CPU
		{F323F504-AB6F-47C4-A854-42CABC370C3D}.Debug|x64.ActiveCfg = Debug|Any CPU
		{F323F504-AB6F-47C4-A854-42CABC370C3D}.Debug|x64.Build.0 = Debug|Any CPU
		{F323F504-AB6F-47C4-A854-42CABC370C3D}.Debug|x86.ActiveCfg = Debug|Any CPU
		{F323F504-AB6F-47C4-A854-42CABC370C3D}.Debug|x86.Build.0 = Debug|Any CPU
		{F323F504-AB6F-47C4-A854-42CABC370C3D}.Release|Any CPU.ActiveCfg = Release|Any CPU
		{F323F504-AB6F-47C4-A854-42CABC370C3D}.Release|Any CPU.Build.0 = Release|Any CPU
		{F323F504-AB6F-47C4-A854-42CABC370C3D}.Release|x64.ActiveCfg = Release|Any CPU
		{F323F504-AB6F-47C4-A854-42CABC370C3D}.Release|x64.Build.0 = Release|Any CPU
		{F323F504-AB6F-47C4-A854-42CABC370C3D}.Release|x86.ActiveCfg = Release|Any CPU
		{F323F504-AB6F-47C4-A854-42CABC370C3D}.Release|x86.Build.0 = Release|Any CPU
	EndGlobalSection
	GlobalSection(SolutionProperties) = preSolution
		HideSolutionNode = FALSE
	EndGlobalSection
	GlobalSection(NestedProjects) = preSolution
		{3A5AC1A3-B719-4FD0-87D6-95C22CD5FEFE} = {827E0CD3-B72D-47B6-A68D-7590B98EB39B}
		{E9DC5A6C-4897-4E99-897C-4F4A261A1B55} = {827E0CD3-B72D-47B6-A68D-7590B98EB39B}
		{420CC84C-AC95-42E3-B9AF-9072ACF7A56C} = {0AB3BF05-4346-4AA6-1389-037BE0695223}
		{F323F504-AB6F-47C4-A854-42CABC370C3D} = {0AB3BF05-4346-4AA6-1389-037BE0695223}
	EndGlobalSection
EndGlobal
